{
  "nodes": {
    "nixpkgs": {
      "locked": {
        "lastModified": 1716796351,
        "narHash": "sha256-gV9C8DSo/UA4MaA/Wr0tla5GfSv6z5ciNTHJuvrMkXo=",
        "owner": "NixOS",
        "repo": "nixpkgs",
        "rev": "df548c62c92ab4dd1e223c711be6f210f33f15e4",
        "type": "github"
      },
      "original": {
        "owner": "NixOS",
        "repo": "nixpkgs",
        "type": "github"
      }
    },
    "root": {
      "inputs": {
        "nixpkgs": "nixpkgs"
      }
    }
  },
  "root": "root",
  "version": 7
}
