{
  "nodes": {
    "devshell-tools": {
      "inputs": {
        "flake-utils": "flake-utils",
        "nixpkgs": [
          "nixpkgs"
        ]
      },
      "locked": {
        "lastModified": 1738885662,
        "narHash": "sha256-Yx6S9BDjWTsIa1axkSfohAcJd/c+atoHlnJ8DmiyQc0=",
        "owner": "eikek",
        "repo": "devshell-tools",
        "rev": "c7bd3940f02bb04a52d987082b1f5e2ca3f8afc2",
        "type": "github"
      },
      "original": {
        "owner": "eikek",
        "repo": "devshell-tools",
        "type": "github"
      }
    },
    "docspell": {
      "inputs": {
        "devshell-tools": "devshell-tools",
        "flake-utils": "flake-utils_2",
        "nixpkgs": [
          "nixpkgs"
        ]
      },
      "locked": {
        "lastModified": 1742055202,
        "narHash": "sha256-7HWmyugkbFsHCZeTZJNC9S26RnrdMltdp/3oLPJjveA=",
        "owner": "eikek",
        "repo": "docspell",
        "rev": "92160c68726211052e85591ab5e6f783aa5d76b6",
        "type": "github"
      },
      "original": {
        "owner": "eikek",
        "ref": "92160c68726211052e85591ab5e6f783aa5d76b6",
        "repo": "docspell",
        "type": "github"
      }
    },
    "flake-compat": {
      "locked": {
        "lastModified": 1761640442,
        "narHash": "sha256-AtrEP6Jmdvrqiv4x2xa5mrtaIp3OEe8uBYCDZDS+hu8=",
        "owner": "nix-community",
        "repo": "flake-compat",
        "rev": "4a56054d8ffc173222d09dad23adf4ba946c8884",
        "type": "github"
      },
      "original": {
        "owner": "nix-community",
        "repo": "flake-compat",
        "type": "github"
      }
    },
    "flake-utils": {
      "inputs": {
        "systems": "systems"
      },
      "locked": {
        "lastModified": 1731533236,
        "narHash": "sha256-l0KFg5HjrsfsO/JpG+r7fRrqm12kzFHyUHqHCVpMMbI=",
        "owner": "numtide",
        "repo": "flake-utils",
        "rev": "11707dc2f618dd54ca8739b309ec4fc024de578b",
        "type": "github"
      },
      "original": {
        "owner": "numtide",
        "repo": "flake-utils",
        "type": "github"
      }
    },
    "flake-utils_2": {
      "inputs": {
        "systems": "systems_2"
      },
      "locked": {
        "lastModified": 1731533236,
        "narHash": "sha256-l0KFg5HjrsfsO/JpG+r7fRrqm12kzFHyUHqHCVpMMbI=",
        "owner": "numtide",
        "repo": "flake-utils",
        "rev": "11707dc2f618dd54ca8739b309ec4fc024de578b",
        "type": "github"
      },
      "original": {
        "owner": "numtide",
        "repo": "flake-utils",
        "type": "github"
      }
    },
    "home-manager": {
      "inputs": {
        "nixpkgs": [
          "nixpkgs"
        ]
      },
      "locked": {
        "lastModified": 1770975156,
        "narHash": "sha256-bPKv7BcIOGp4R1Q3hKhiD2CT3+7D6ibNIaJfEJdeOzo=",
        "owner": "nix-community",
        "repo": "home-manager",
        "rev": "de4cfffc98f43ab8ba90739b56991f068f9e9018",
        "type": "github"
      },
      "original": {
        "owner": "nix-community",
        "repo": "home-manager",
        "type": "github"
      }
    },
    "impermanence": {
      "inputs": {
        "home-manager": [
          "home-manager"
        ],
        "nixpkgs": [
          "nixpkgs"
        ]
      },
      "locked": {
        "lastModified": 1769548169,
        "narHash": "sha256-03+JxvzmfwRu+5JafM0DLbxgHttOQZkUtDWBmeUkN8Y=",
        "owner": "nix-community",
        "repo": "impermanence",
        "rev": "7b1d382faf603b6d264f58627330f9faa5cba149",
        "type": "github"
      },
      "original": {
        "owner": "nix-community",
        "repo": "impermanence",
        "type": "github"
      }
    },
    "nix-darwin": {
      "inputs": {
        "nixpkgs": [
          "nixpkgs"
        ]
      },
      "locked": {
        "lastModified": 1770922915,
        "narHash": "sha256-6J/JoK9iL7sHvKJcGW2KId2agaKv1OGypsa7kN+ZBD4=",
        "owner": "nix-darwin",
        "repo": "nix-darwin",
        "rev": "6c5a56295d2a24e43bcd8af838def1b9a95746b2",
        "type": "github"
      },
      "original": {
        "owner": "nix-darwin",
        "repo": "nix-darwin",
        "type": "github"
      }
    },
    "nixos-apple-silicon": {
      "inputs": {
        "flake-compat": "flake-compat",
        "nixpkgs": [
          "nixpkgs"
        ]
      },
      "locked": {
        "lastModified": 1770630652,
        "narHash": "sha256-/fhL3g+Rp16vvsNPijhLgBuZeYCv7VJr6OTJpA0ZRnw=",
        "owner": "nix-community",
        "repo": "nixos-apple-silicon",
        "rev": "f2936008b132717d7cc4616bbac56f7478bb0a58",
        "type": "github"
      },
      "original": {
        "owner": "nix-community",
        "repo": "nixos-apple-silicon",
        "type": "github"
      }
    },
    "nixos-hardware": {
      "locked": {
        "lastModified": 1770882871,
        "narHash": "sha256-nw5g+xl3veea+maxJ2/81tMEA/rPq9aF1H5XF35X+OE=",
        "owner": "NixOS",
        "repo": "nixos-hardware",
        "rev": "af04cb78aa85b2a4d1c15fc7270347e0d0eda97b",
        "type": "github"
      },
      "original": {
        "owner": "NixOS",
        "ref": "master",
        "repo": "nixos-hardware",
        "type": "github"
      }
    },
    "nixpkgs": {
      "locked": {
        "lastModified": 1770989201,
        "narHash": "sha256-zsFvq4d0N9I1Ab5IvGZG6UeDUsNsyoYXZDRITAXpXYM=",
        "owner": "NixOS",
        "repo": "nixpkgs",
        "rev": "af50ee8679970ce5cf6429040fe82084cdd08200",
        "type": "github"
      },
      "original": {
        "owner": "NixOS",
        "repo": "nixpkgs",
        "type": "github"
      }
    },
    "root": {
      "inputs": {
        "docspell": "docspell",
        "home-manager": "home-manager",
        "impermanence": "impermanence",
        "nix-darwin": "nix-darwin",
        "nixos-apple-silicon": "nixos-apple-silicon",
        "nixos-hardware": "nixos-hardware",
        "nixpkgs": "nixpkgs"
      }
    },
    "systems": {
      "locked": {
        "lastModified": 1681028828,
        "narHash": "sha256-Vy1rq5AaRuLzOxct8nz4T6wlgyUR7zLU309k9mBC768=",
        "owner": "nix-systems",
        "repo": "default",
        "rev": "da67096a3b9bf56a91d16901293e51ba5b49a27e",
        "type": "github"
      },
      "original": {
        "owner": "nix-systems",
        "repo": "default",
        "type": "github"
      }
    },
    "systems_2": {
      "locked": {
        "lastModified": 1681028828,
        "narHash": "sha256-Vy1rq5AaRuLzOxct8nz4T6wlgyUR7zLU309k9mBC768=",
        "owner": "nix-systems",
        "repo": "default",
        "rev": "da67096a3b9bf56a91d16901293e51ba5b49a27e",
        "type": "github"
      },
      "original": {
        "owner": "nix-systems",
        "repo": "default",
        "type": "github"
      }
    }
  },
  "root": "root",
  "version": 7
}
