{
  "nodes": {
    "nixpkgs": {
      "locked": {
        "lastModified": 1723862973,
        "narHash": "sha256-ZdYwNaHzCTbbJ8Uiv+X2o/AuWsvATkc2HFHc7u0P4cU=",
        "owner": "NixOS",
        "repo": "nixpkgs",
        "rev": "a200fa2dbc1736800ef417ade504ef1cdf11691a",
        "type": "github"
      },
      "original": {
        "owner": "NixOS",
        "repo": "nixpkgs",
        "type": "github"
      }
    },
    "root": {
      "inputs": {
        "nixpkgs": "nixpkgs"
      }
    }
  },
  "root": "root",
  "version": 7
}
